
Microsoft Visual Studio Solution File, Format Version 12.00
# Visual Studio Version 17
VisualStudioVersion = 17.10.34607.79
MinimumVisualStudioVersion = 10.0.40219.1
Project("{9A19103F-16F7-4668-BE54-9A1E7A4F7556}") = "Domain", "Domain\Domain.csproj", "{40994E16-2DA3-4430-866E-B85CB95178A7}"
EndProject
Project("{9A19103F-16F7-4668-BE54-9A1E7A4F7556}") = "Infrastructure", "Infrastructure\Infrastructure.csproj", "{F29ABC7F-E1C2-4E0F-B268-F3DD43B1FC26}"
EndProject
Project("{9A19103F-16F7-4668-BE54-9A1E7A4F7556}") = "Application", "Application\Application.csproj", "{36DEA39C-7A45-4858-9D11-8606BCCC1395}"
EndProject
Project("{FAE04EC0-301F-11D3-BF4B-00C04F79EFBC}") = "Web.API", "Web.API\Web.API.csproj", "{BD49737F-C458-4F87-9660-F2359027DAAA}"
EndProject
Global
	GlobalSection(SolutionConfigurationPlatforms) = preSolution
		Debug|Any CPU = Debug|Any CPU
		Release|Any CPU = Release|Any CPU
	EndGlobalSection
	GlobalSection(ProjectConfigurationPlatforms) = postSolution
		{40994E16-2DA3-4430-866E-B85CB95178A7}.Debug|Any CPU.ActiveCfg = Debug|Any CPU
		{40994E16-2DA3-4430-866E-B85CB95178A7}.Debug|Any CPU.Build.0 = Debug|Any CPU
		{40994E16-2DA3-4430-866E-B85CB95178A7}.Release|Any CPU.ActiveCfg = Release|Any CPU
		{40994E16-2DA3-4430-866E-B85CB95178A7}.Release|Any CPU.Build.0 = Release|Any CPU
		{F29ABC7F-E1C2-4E0F-B268-F3DD43B1FC26}.Debug|Any CPU.ActiveCfg = Debug|Any CPU
		{F29ABC7F-E1C2-4E0F-B268-F3DD43B1FC26}.Debug|Any CPU.Build.0 = Debug|Any CPU
		{F29ABC7F-E1C2-4E0F-B268-F3DD43B1FC26}.Release|Any CPU.ActiveCfg = Release|Any CPU
		{F29ABC7F-E1C2-4E0F-B268-F3DD43B1FC26}.Release|Any CPU.Build.0 = Release|Any CPU
		{36DEA39C-7A45-4858-9D11-8606BCCC1395}.Debug|Any CPU.ActiveCfg = Debug|Any CPU
		{36DEA39C-7A45-4858-9D11-8606BCCC1395}.Debug|Any CPU.Build.0 = Debug|Any CPU
		{36DEA39C-7A45-4858-9D11-8606BCCC1395}.Release|Any CPU.ActiveCfg = Release|Any CPU
		{36DEA39C-7A45-4858-9D11-8606BCCC1395}.Release|Any CPU.Build.0 = Release|Any CPU
		{BD49737F-C458-4F87-9660-F2359027DAAA}.Debug|Any CPU.ActiveCfg = Debug|Any CPU
		{BD49737F-C458-4F87-9660-F2359027DAAA}.Debug|Any CPU.Build.0 = Debug|Any CPU
		{BD49737F-C458-4F87-9660-F2359027DAAA}.Release|Any CPU.ActiveCfg = Release|Any CPU
		{BD49737F-C458-4F87-9660-F2359027DAAA}.Release|Any CPU.Build.0 = Release|Any CPU
	EndGlobalSection
	GlobalSection(SolutionProperties) = preSolution
		HideSolutionNode = FALSE
	EndGlobalSection
	GlobalSection(ExtensibilityGlobals) = postSolution
		SolutionGuid = {39A40C33-B7B0-479C-B15F-ADB6FA478380}
	EndGlobalSection
EndGlobal
